// !$*UTF8*$!
{
	archiveVersion = 1;
	classes = {
	};
	objectVersion = 56;
	objects = {

/* Begin PBXBuildFile section */
		FB143CEF2CD29A21009F0069 /* CeldaComentario.swift in Sources */ = {isa = PBXBuildFile; fileRef = FB143CEE2CD29A21009F0069 /* CeldaComentario.swift */; };
		FB6A99242CB4339E00DF6687 /* AppDelegate.swift in Sources */ = {isa = PBXBuildFile; fileRef = FB6A99232CB4339E00DF6687 /* AppDelegate.swift */; };
		FB6A99262CB4339E00DF6687 /* SceneDelegate.swift in Sources */ = {isa = PBXBuildFile; fileRef = FB6A99252CB4339E00DF6687 /* SceneDelegate.swift */; };
		FB6A992B2CB4339E00DF6687 /* Base in Resources */ = {isa = PBXBuildFile; fileRef = FB6A992A2CB4339E00DF6687 /* Base */; };
		FB6A992D2CB4339E00DF6687 /* Assets.xcassets in Resources */ = {isa = PBXBuildFile; fileRef = FB6A992C2CB4339E00DF6687 /* Assets.xcassets */; };
		FB6A99302CB4339E00DF6687 /* Base in Resources */ = {isa = PBXBuildFile; fileRef = FB6A992F2CB4339E00DF6687 /* Base */; };
		FB6A993B2CB4339E00DF6687 /* boceto_2_CellViewTests.swift in Sources */ = {isa = PBXBuildFile; fileRef = FB6A993A2CB4339E00DF6687 /* boceto_2_CellViewTests.swift */; };
		FB6A99452CB4339E00DF6687 /* boceto_2_CellViewUITests.swift in Sources */ = {isa = PBXBuildFile; fileRef = FB6A99442CB4339E00DF6687 /* boceto_2_CellViewUITests.swift */; };
		FB6A99472CB4339E00DF6687 /* boceto_2_CellViewUITestsLaunchTests.swift in Sources */ = {isa = PBXBuildFile; fileRef = FB6A99462CB4339E00DF6687 /* boceto_2_CellViewUITestsLaunchTests.swift */; };
		FB6A99562CB4376000DF6687 /* ControladorPantallaPrincipalDeColeccion.swift in Sources */ = {isa = PBXBuildFile; fileRef = FB6A99552CB4376000DF6687 /* ControladorPantallaPrincipalDeColeccion.swift */; };
		FB6A99582CB43D3500DF6687 /* VistaDeCelda.swift in Sources */ = {isa = PBXBuildFile; fileRef = FB6A99572CB43D3500DF6687 /* VistaDeCelda.swift */; };
		FB8B18F62CC6B3D100BDB109 /* Usuarios.swift in Sources */ = {isa = PBXBuildFile; fileRef = FB8B18F52CC6B3D100BDB109 /* Usuarios.swift */; };
		FB8B18F82CC6B91300BDB109 /* Comentario.swift in Sources */ = {isa = PBXBuildFile; fileRef = FB8B18F72CC6B91300BDB109 /* Comentario.swift */; };
		FBC28FCE2CC01405009EB2A3 /* posts.swift in Sources */ = {isa = PBXBuildFile; fileRef = FBC28FCC2CC01405009EB2A3 /* posts.swift */; };
		FBC28FD12CC0141E009EB2A3 /* provedor_publicaciones.swift in Sources */ = {isa = PBXBuildFile; fileRef = FBC28FCF2CC0141E009EB2A3 /* provedor_publicaciones.swift */; };
		FBC28FD42CC01435009EB2A3 /* EstiloCellViewControllerCelular.swift in Sources */ = {isa = PBXBuildFile; fileRef = FBC28FD22CC01435009EB2A3 /* EstiloCellViewControllerCelular.swift */; };
		FBC28FD62CC014F2009EB2A3 /* ControladorPantallasDelPost.swift in Sources */ = {isa = PBXBuildFile; fileRef = FBC28FD52CC014F2009EB2A3 /* ControladorPantallasDelPost.swift */; };
		FBC290042CC01A47009EB2A3 /* mod_navegador_principal.swift in Sources */ = {isa = PBXBuildFile; fileRef = FBC290032CC01A47009EB2A3 /* mod_navegador_principal.swift */; };
/* End PBXBuildFile section */

/* Begin PBXContainerItemProxy section */
		FB6A99372CB4339E00DF6687 /* PBXContainerItemProxy */ = {
			isa = PBXContainerItemProxy;
			containerPortal = FB6A99182CB4339E00DF6687 /* Project object */;
			proxyType = 1;
			remoteGlobalIDString = FB6A991F2CB4339E00DF6687;
			remoteInfo = boceto_2_CellView;
		};
		FB6A99412CB4339E00DF6687 /* PBXContainerItemProxy */ = {
			isa = PBXContainerItemProxy;
			containerPortal = FB6A99182CB4339E00DF6687 /* Project object */;
			proxyType = 1;
			remoteGlobalIDString = FB6A991F2CB4339E00DF6687;
			remoteInfo = boceto_2_CellView;
		};
/* End PBXContainerItemProxy section */

/* Begin PBXFileReference section */
		FB143CEE2CD29A21009F0069 /* CeldaComentario.swift */ = {isa = PBXFileReference; lastKnownFileType = sourcecode.swift; path = CeldaComentario.swift; sourceTree = "<group>"; };
		FB6A99202CB4339E00DF6687 /* boceto_2_CellView.app */ = {isa = PBXFileReference; explicitFileType = wrapper.application; includeInIndex = 0; path = boceto_2_CellView.app; sourceTree = BUILT_PRODUCTS_DIR; };
		FB6A99232CB4339E00DF6687 /* AppDelegate.swift */ = {isa = PBXFileReference; lastKnownFileType = sourcecode.swift; path = AppDelegate.swift; sourceTree = "<group>"; };
		FB6A99252CB4339E00DF6687 /* SceneDelegate.swift */ = {isa = PBXFileReference; lastKnownFileType = sourcecode.swift; path = SceneDelegate.swift; sourceTree = "<group>"; };
		FB6A992A2CB4339E00DF6687 /* Base */ = {isa = PBXFileReference; lastKnownFileType = file.storyboard; name = Base; path = Base.lproj/Main.storyboard; sourceTree = "<group>"; };
		FB6A992C2CB4339E00DF6687 /* Assets.xcassets */ = {isa = PBXFileReference; lastKnownFileType = folder.assetcatalog; path = Assets.xcassets; sourceTree = "<group>"; };
		FB6A992F2CB4339E00DF6687 /* Base */ = {isa = PBXFileReference; lastKnownFileType = file.storyboard; name = Base; path = Base.lproj/LaunchScreen.storyboard; sourceTree = "<group>"; };
		FB6A99312CB4339E00DF6687 /* Info.plist */ = {isa = PBXFileReference; lastKnownFileType = text.plist.xml; path = Info.plist; sourceTree = "<group>"; };
		FB6A99362CB4339E00DF6687 /* boceto_2_CellViewTests.xctest */ = {isa = PBXFileReference; explicitFileType = wrapper.cfbundle; includeInIndex = 0; path = boceto_2_CellViewTests.xctest; sourceTree = BUILT_PRODUCTS_DIR; };
		FB6A993A2CB4339E00DF6687 /* boceto_2_CellViewTests.swift */ = {isa = PBXFileReference; lastKnownFileType = sourcecode.swift; path = boceto_2_CellViewTests.swift; sourceTree = "<group>"; };
		FB6A99402CB4339E00DF6687 /* boceto_2_CellViewUITests.xctest */ = {isa = PBXFileReference; explicitFileType = wrapper.cfbundle; includeInIndex = 0; path = boceto_2_CellViewUITests.xctest; sourceTree = BUILT_PRODUCTS_DIR; };
		FB6A99442CB4339E00DF6687 /* boceto_2_CellViewUITests.swift */ = {isa = PBXFileReference; lastKnownFileType = sourcecode.swift; path = boceto_2_CellViewUITests.swift; sourceTree = "<group>"; };
		FB6A99462CB4339E00DF6687 /* boceto_2_CellViewUITestsLaunchTests.swift */ = {isa = PBXFileReference; lastKnownFileType = sourcecode.swift; path = boceto_2_CellViewUITestsLaunchTests.swift; sourceTree = "<group>"; };
		FB6A99552CB4376000DF6687 /* ControladorPantallaPrincipalDeColeccion.swift */ = {isa = PBXFileReference; lastKnownFileType = sourcecode.swift; path = ControladorPantallaPrincipalDeColeccion.swift; sourceTree = "<group>"; };
		FB6A99572CB43D3500DF6687 /* VistaDeCelda.swift */ = {isa = PBXFileReference; lastKnownFileType = sourcecode.swift; path = VistaDeCelda.swift; sourceTree = "<group>"; };
		FB8B18F52CC6B3D100BDB109 /* Usuarios.swift */ = {isa = PBXFileReference; lastKnownFileType = sourcecode.swift; path = Usuarios.swift; sourceTree = "<group>"; };
		FB8B18F72CC6B91300BDB109 /* Comentario.swift */ = {isa = PBXFileReference; lastKnownFileType = sourcecode.swift; path = Comentario.swift; sourceTree = "<group>"; };
		FBC28FCC2CC01405009EB2A3 /* posts.swift */ = {isa = PBXFileReference; fileEncoding = 4; lastKnownFileType = sourcecode.swift; path = posts.swift; sourceTree = "<group>"; };
		FBC28FCF2CC0141E009EB2A3 /* provedor_publicaciones.swift */ = {isa = PBXFileReference; fileEncoding = 4; lastKnownFileType = sourcecode.swift; path = provedor_publicaciones.swift; sourceTree = "<group>"; };
		FBC28FD22CC01435009EB2A3 /* EstiloCellViewControllerCelular.swift */ = {isa = PBXFileReference; fileEncoding = 4; lastKnownFileType = sourcecode.swift; path = EstiloCellViewControllerCelular.swift; sourceTree = "<group>"; };
		FBC28FD52CC014F2009EB2A3 /* ControladorPantallasDelPost.swift */ = {isa = PBXFileReference; lastKnownFileType = sourcecode.swift; path = ControladorPantallasDelPost.swift; sourceTree = "<group>"; };
		FBC290032CC01A47009EB2A3 /* mod_navegador_principal.swift */ = {isa = PBXFileReference; lastKnownFileType = sourcecode.swift; path = mod_navegador_principal.swift; sourceTree = "<group>"; };
/* End PBXFileReference section */

/* Begin PBXFrameworksBuildPhase section */
		FB6A991D2CB4339E00DF6687 /* Frameworks */ = {
			isa = PBXFrameworksBuildPhase;
			buildActionMask = 2147483647;
			files = (
			);
			runOnlyForDeploymentPostprocessing = 0;
		};
		FB6A99332CB4339E00DF6687 /* Frameworks */ = {
			isa = PBXFrameworksBuildPhase;
			buildActionMask = 2147483647;
			files = (
			);
			runOnlyForDeploymentPostprocessing = 0;
		};
		FB6A993D2CB4339E00DF6687 /* Frameworks */ = {
			isa = PBXFrameworksBuildPhase;
			buildActionMask = 2147483647;
			files = (
			);
			runOnlyForDeploymentPostprocessing = 0;
		};
/* End PBXFrameworksBuildPhase section */

/* Begin PBXGroup section */
		FB6A99172CB4339E00DF6687 = {
			isa = PBXGroup;
			children = (
				FB143CEE2CD29A21009F0069 /* CeldaComentario.swift */,
				FB6A99222CB4339E00DF6687 /* boceto_2_CellView */,
				FB6A99392CB4339E00DF6687 /* boceto_2_CellViewTests */,
				FB6A99432CB4339E00DF6687 /* boceto_2_CellViewUITests */,
				FB6A99212CB4339E00DF6687 /* Products */,
			);
			sourceTree = "<group>";
		};
		FB6A99212CB4339E00DF6687 /* Products */ = {
			isa = PBXGroup;
			children = (
				FB6A99202CB4339E00DF6687 /* boceto_2_CellView.app */,
				FB6A99362CB4339E00DF6687 /* boceto_2_CellViewTests.xctest */,
				FB6A99402CB4339E00DF6687 /* boceto_2_CellViewUITests.xctest */,
			);
			name = Products;
			sourceTree = "<group>";
		};
		FB6A99222CB4339E00DF6687 /* boceto_2_CellView */ = {
			isa = PBXGroup;
			children = (
				FBC28FD02CC0141E009EB2A3 /* provedor */,
				FBC28FCD2CC01405009EB2A3 /* modelos */,
				FB6A99532CB4368E00DF6687 /* controlador_de_pantallas */,
				FB6A99232CB4339E00DF6687 /* AppDelegate.swift */,
				FB6A99252CB4339E00DF6687 /* SceneDelegate.swift */,
				FB6A99292CB4339E00DF6687 /* Main.storyboard */,
				FB6A992C2CB4339E00DF6687 /* Assets.xcassets */,
				FB6A992E2CB4339E00DF6687 /* LaunchScreen.storyboard */,
				FB6A99312CB4339E00DF6687 /* Info.plist */,
			);
			path = boceto_2_CellView;
			sourceTree = "<group>";
		};
		FB6A99392CB4339E00DF6687 /* boceto_2_CellViewTests */ = {
			isa = PBXGroup;
			children = (
				FB6A993A2CB4339E00DF6687 /* boceto_2_CellViewTests.swift */,
			);
			path = boceto_2_CellViewTests;
			sourceTree = "<group>";
		};
		FB6A99432CB4339E00DF6687 /* boceto_2_CellViewUITests */ = {
			isa = PBXGroup;
			children = (
				FB6A99442CB4339E00DF6687 /* boceto_2_CellViewUITests.swift */,
				FB6A99462CB4339E00DF6687 /* boceto_2_CellViewUITestsLaunchTests.swift */,
			);
			path = boceto_2_CellViewUITests;
			sourceTree = "<group>";
		};
		FB6A99532CB4368E00DF6687 /* controlador_de_pantallas */ = {
			isa = PBXGroup;
			children = (
				FBC28FD32CC01435009EB2A3 /* estilos */,
				FB6A99542CB436A700DF6687 /* vista_de_celdas */,
				FBC28FD52CC014F2009EB2A3 /* ControladorPantallasDelPost.swift */,
			);
			path = controlador_de_pantallas;
			sourceTree = "<group>";
		};
		FB6A99542CB436A700DF6687 /* vista_de_celdas */ = {
			isa = PBXGroup;
			children = (
				FB6A99552CB4376000DF6687 /* ControladorPantallaPrincipalDeColeccion.swift */,
				FB6A99572CB43D3500DF6687 /* VistaDeCelda.swift */,
			);
			path = vista_de_celdas;
			sourceTree = "<group>";
		};
		FBC28FCD2CC01405009EB2A3 /* modelos */ = {
			isa = PBXGroup;
			children = (
				FBC28FCC2CC01405009EB2A3 /* posts.swift */,
				FB8B18F52CC6B3D100BDB109 /* Usuarios.swift */,
				FB8B18F72CC6B91300BDB109 /* Comentario.swift */,
			);
			path = modelos;
			sourceTree = "<group>";
		};
		FBC28FD02CC0141E009EB2A3 /* provedor */ = {
			isa = PBXGroup;
			children = (
				FBC28FCF2CC0141E009EB2A3 /* provedor_publicaciones.swift */,
			);
			path = provedor;
			sourceTree = "<group>";
		};
		FBC28FD32CC01435009EB2A3 /* estilos */ = {
			isa = PBXGroup;
			children = (
				FBC28FD22CC01435009EB2A3 /* EstiloCellViewControllerCelular.swift */,
				FBC290032CC01A47009EB2A3 /* mod_navegador_principal.swift */,
			);
			path = estilos;
			sourceTree = "<group>";
		};
/* End PBXGroup section */

/* Begin PBXNativeTarget section */
		FB6A991F2CB4339E00DF6687 /* boceto_2_CellView */ = {
			isa = PBXNativeTarget;
			buildConfigurationList = FB6A994A2CB4339E00DF6687 /* Build configuration list for PBXNativeTarget "boceto_2_CellView" */;
			buildPhases = (
				FB6A991C2CB4339E00DF6687 /* Sources */,
				FB6A991D2CB4339E00DF6687 /* Frameworks */,
				FB6A991E2CB4339E00DF6687 /* Resources */,
			);
			buildRules = (
			);
			dependencies = (
			);
			name = boceto_2_CellView;
			productName = boceto_2_CellView;
			productReference = FB6A99202CB4339E00DF6687 /* boceto_2_CellView.app */;
			productType = "com.apple.product-type.application";
		};
		FB6A99352CB4339E00DF6687 /* boceto_2_CellViewTests */ = {
			isa = PBXNativeTarget;
			buildConfigurationList = FB6A994D2CB4339E00DF6687 /* Build configuration list for PBXNativeTarget "boceto_2_CellViewTests" */;
			buildPhases = (
				FB6A99322CB4339E00DF6687 /* Sources */,
				FB6A99332CB4339E00DF6687 /* Frameworks */,
				FB6A99342CB4339E00DF6687 /* Resources */,
			);
			buildRules = (
			);
			dependencies = (
				FB6A99382CB4339E00DF6687 /* PBXTargetDependency */,
			);
			name = boceto_2_CellViewTests;
			productName = boceto_2_CellViewTests;
			productReference = FB6A99362CB4339E00DF6687 /* boceto_2_CellViewTests.xctest */;
			productType = "com.apple.product-type.bundle.unit-test";
		};
		FB6A993F2CB4339E00DF6687 /* boceto_2_CellViewUITests */ = {
			isa = PBXNativeTarget;
			buildConfigurationList = FB6A99502CB4339E00DF6687 /* Build configuration list for PBXNativeTarget "boceto_2_CellViewUITests" */;
			buildPhases = (
				FB6A993C2CB4339E00DF6687 /* Sources */,
				FB6A993D2CB4339E00DF6687 /* Frameworks */,
				FB6A993E2CB4339E00DF6687 /* Resources */,
			);
			buildRules = (
			);
			dependencies = (
				FB6A99422CB4339E00DF6687 /* PBXTargetDependency */,
			);
			name = boceto_2_CellViewUITests;
			productName = boceto_2_CellViewUITests;
			productReference = FB6A99402CB4339E00DF6687 /* boceto_2_CellViewUITests.xctest */;
			productType = "com.apple.product-type.bundle.ui-testing";
		};
/* End PBXNativeTarget section */

/* Begin PBXProject section */
		FB6A99182CB4339E00DF6687 /* Project object */ = {
			isa = PBXProject;
			attributes = {
				BuildIndependentTargetsInParallel = 1;
				LastSwiftUpdateCheck = 1540;
				LastUpgradeCheck = 1540;
				TargetAttributes = {
					FB6A991F2CB4339E00DF6687 = {
						CreatedOnToolsVersion = 15.4;
					};
					FB6A99352CB4339E00DF6687 = {
						CreatedOnToolsVersion = 15.4;
						TestTargetID = FB6A991F2CB4339E00DF6687;
					};
					FB6A993F2CB4339E00DF6687 = {
						CreatedOnToolsVersion = 15.4;
						TestTargetID = FB6A991F2CB4339E00DF6687;
					};
				};
			};
			buildConfigurationList = FB6A991B2CB4339E00DF6687 /* Build configuration list for PBXProject "boceto_2_CellView" */;
			compatibilityVersion = "Xcode 14.0";
			developmentRegion = en;
			hasScannedForEncodings = 0;
			knownRegions = (
				en,
				Base,
			);
			mainGroup = FB6A99172CB4339E00DF6687;
			productRefGroup = FB6A99212CB4339E00DF6687 /* Products */;
			projectDirPath = "";
			projectRoot = "";
			targets = (
				FB6A991F2CB4339E00DF6687 /* boceto_2_CellView */,
				FB6A99352CB4339E00DF6687 /* boceto_2_CellViewTests */,
				FB6A993F2CB4339E00DF6687 /* boceto_2_CellViewUITests */,
			);
		};
/* End PBXProject section */

/* Begin PBXResourcesBuildPhase section */
		FB6A991E2CB4339E00DF6687 /* Resources */ = {
			isa = PBXResourcesBuildPhase;
			buildActionMask = 2147483647;
			files = (
				FB6A992D2CB4339E00DF6687 /* Assets.xcassets in Resources */,
				FB6A99302CB4339E00DF6687 /* Base in Resources */,
				FB6A992B2CB4339E00DF6687 /* Base in Resources */,
			);
			runOnlyForDeploymentPostprocessing = 0;
		};
		FB6A99342CB4339E00DF6687 /* Resources */ = {
			isa = PBXResourcesBuildPhase;
			buildActionMask = 2147483647;
			files = (
			);
			runOnlyForDeploymentPostprocessing = 0;
		};
		FB6A993E2CB4339E00DF6687 /* Resources */ = {
			isa = PBXResourcesBuildPhase;
			buildActionMask = 2147483647;
			files = (
			);
			runOnlyForDeploymentPostprocessing = 0;
		};
/* End PBXResourcesBuildPhase section */

/* Begin PBXSourcesBuildPhase section */
		FB6A991C2CB4339E00DF6687 /* Sources */ = {
			isa = PBXSourcesBuildPhase;
			buildActionMask = 2147483647;
			files = (
				FBC28FD42CC01435009EB2A3 /* EstiloCellViewControllerCelular.swift in Sources */,
				FB6A99242CB4339E00DF6687 /* AppDelegate.swift in Sources */,
				FB8B18F82CC6B91300BDB109 /* Comentario.swift in Sources */,
				FBC28FD62CC014F2009EB2A3 /* ControladorPantallasDelPost.swift in Sources */,
				FB6A99262CB4339E00DF6687 /* SceneDelegate.swift in Sources */,
				FBC28FD12CC0141E009EB2A3 /* provedor_publicaciones.swift in Sources */,
				FB143CEF2CD29A21009F0069 /* CeldaComentario.swift in Sources */,
				FBC28FCE2CC01405009EB2A3 /* posts.swift in Sources */,
				FB8B18F62CC6B3D100BDB109 /* Usuarios.swift in Sources */,
				FB6A99562CB4376000DF6687 /* ControladorPantallaPrincipalDeColeccion.swift in Sources */,
				FBC290042CC01A47009EB2A3 /* mod_navegador_principal.swift in Sources */,
				FB6A99582CB43D3500DF6687 /* VistaDeCelda.swift in Sources */,
			);
			runOnlyForDeploymentPostprocessing = 0;
		};
		FB6A99322CB4339E00DF6687 /* Sources */ = {
			isa = PBXSourcesBuildPhase;
			buildActionMask = 2147483647;
			files = (
				FB6A993B2CB4339E00DF6687 /* boceto_2_CellViewTests.swift in Sources */,
			);
			runOnlyForDeploymentPostprocessing = 0;
		};
		FB6A993C2CB4339E00DF6687 /* Sources */ = {
			isa = PBXSourcesBuildPhase;
			buildActionMask = 2147483647;
			files = (
				FB6A99472CB4339E00DF6687 /* boceto_2_CellViewUITestsLaunchTests.swift in Sources */,
				FB6A99452CB4339E00DF6687 /* boceto_2_CellViewUITests.swift in Sources */,
			);
			runOnlyForDeploymentPostprocessing = 0;
		};
/* End PBXSourcesBuildPhase section */

/* Begin PBXTargetDependency section */
		FB6A99382CB4339E00DF6687 /* PBXTargetDependency */ = {
			isa = PBXTargetDependency;
			target = FB6A991F2CB4339E00DF6687 /* boceto_2_CellView */;
			targetProxy = FB6A99372CB4339E00DF6687 /* PBXContainerItemProxy */;
		};
		FB6A99422CB4339E00DF6687 /* PBXTargetDependency */ = {
			isa = PBXTargetDependency;
			target = FB6A991F2CB4339E00DF6687 /* boceto_2_CellView */;
			targetProxy = FB6A99412CB4339E00DF6687 /* PBXContainerItemProxy */;
		};
/* End PBXTargetDependency section */

/* Begin PBXVariantGroup section */
		FB6A99292CB4339E00DF6687 /* Main.storyboard */ = {
			isa = PBXVariantGroup;
			children = (
				FB6A992A2CB4339E00DF6687 /* Base */,
			);
			name = Main.storyboard;
			sourceTree = "<group>";
		};
		FB6A992E2CB4339E00DF6687 /* LaunchScreen.storyboard */ = {
			isa = PBXVariantGroup;
			children = (
				FB6A992F2CB4339E00DF6687 /* Base */,
			);
			name = LaunchScreen.storyboard;
			sourceTree = "<group>";
		};
/* End PBXVariantGroup section */

/* Begin XCBuildConfiguration section */
		FB6A99482CB4339E00DF6687 /* Debug */ = {
			isa = XCBuildConfiguration;
			buildSettings = {
				ALWAYS_SEARCH_USER_PATHS = NO;
				ASSETCATALOG_COMPILER_GENERATE_SWIFT_ASSET_SYMBOL_EXTENSIONS = YES;
				CLANG_ANALYZER_NONNULL = YES;
				CLANG_ANALYZER_NUMBER_OBJECT_CONVERSION = YES_AGGRESSIVE;
				CLANG_CXX_LANGUAGE_STANDARD = "gnu++20";
				CLANG_ENABLE_MODULES = YES;
				CLANG_ENABLE_OBJC_ARC = YES;
				CLANG_ENABLE_OBJC_WEAK = YES;
				CLANG_WARN_BLOCK_CAPTURE_AUTORELEASING = YES;
				CLANG_WARN_BOOL_CONVERSION = YES;
				CLANG_WARN_COMMA = YES;
				CLANG_WARN_CONSTANT_CONVERSION = YES;
				CLANG_WARN_DEPRECATED_OBJC_IMPLEMENTATIONS = YES;
				CLANG_WARN_DIRECT_OBJC_ISA_USAGE = YES_ERROR;
				CLANG_WARN_DOCUMENTATION_COMMENTS = YES;
				CLANG_WARN_EMPTY_BODY = YES;
				CLANG_WARN_ENUM_CONVERSION = YES;
				CLANG_WARN_INFINITE_RECURSION = YES;
				CLANG_WARN_INT_CONVERSION = YES;
				CLANG_WARN_NON_LITERAL_NULL_CONVERSION = YES;
				CLANG_WARN_OBJC_IMPLICIT_RETAIN_SELF = YES;
				CLANG_WARN_OBJC_LITERAL_CONVERSION = YES;
				CLANG_WARN_OBJC_ROOT_CLASS = YES_ERROR;
				CLANG_WARN_QUOTED_INCLUDE_IN_FRAMEWORK_HEADER = YES;
				CLANG_WARN_RANGE_LOOP_ANALYSIS = YES;
				CLANG_WARN_STRICT_PROTOTYPES = YES;
				CLANG_WARN_SUSPICIOUS_MOVE = YES;
				CLANG_WARN_UNGUARDED_AVAILABILITY = YES_AGGRESSIVE;
				CLANG_WARN_UNREACHABLE_CODE = YES;
				CLANG_WARN__DUPLICATE_METHOD_MATCH = YES;
				COPY_PHASE_STRIP = NO;
				DEBUG_INFORMATION_FORMAT = dwarf;
				ENABLE_STRICT_OBJC_MSGSEND = YES;
				ENABLE_TESTABILITY = YES;
				ENABLE_USER_SCRIPT_SANDBOXING = YES;
				GCC_C_LANGUAGE_STANDARD = gnu17;
				GCC_DYNAMIC_NO_PIC = NO;
				GCC_NO_COMMON_BLOCKS = YES;
				GCC_OPTIMIZATION_LEVEL = 0;
				GCC_PREPROCESSOR_DEFINITIONS = (
					"DEBUG=1",
					"$(inherited)",
				);
				GCC_WARN_64_TO_32_BIT_CONVERSION = YES;
				GCC_WARN_ABOUT_RETURN_TYPE = YES_ERROR;
				GCC_WARN_UNDECLARED_SELECTOR = YES;
				GCC_WARN_UNINITIALIZED_AUTOS = YES_AGGRESSIVE;
				GCC_WARN_UNUSED_FUNCTION = YES;
				GCC_WARN_UNUSED_VARIABLE = YES;
				IPHONEOS_DEPLOYMENT_TARGET = 17.5;
				LOCALIZATION_PREFERS_STRING_CATALOGS = YES;
				MTL_ENABLE_DEBUG_INFO = INCLUDE_SOURCE;
				MTL_FAST_MATH = YES;
				ONLY_ACTIVE_ARCH = YES;
				SDKROOT = iphoneos;
				SWIFT_ACTIVE_COMPILATION_CONDITIONS = "DEBUG $(inherited)";
				SWIFT_OPTIMIZATION_LEVEL = "-Onone";
			};
			name = Debug;
		};
		FB6A99492CB4339E00DF6687 /* Release */ = {
			isa = XCBuildConfiguration;
			buildSettings = {
				ALWAYS_SEARCH_USER_PATHS = NO;
				ASSETCATALOG_COMPILER_GENERATE_SWIFT_ASSET_SYMBOL_EXTENSIONS = YES;
				CLANG_ANALYZER_NONNULL = YES;
				CLANG_ANALYZER_NUMBER_OBJECT_CONVERSION = YES_AGGRESSIVE;
				CLANG_CXX_LANGUAGE_STANDARD = "gnu++20";
				CLANG_ENABLE_MODULES = YES;
				CLANG_ENABLE_OBJC_ARC = YES;
				CLANG_ENABLE_OBJC_WEAK = YES;
				CLANG_WARN_BLOCK_CAPTURE_AUTORELEASING = YES;
				CLANG_WARN_BOOL_CONVERSION = YES;
				CLANG_WARN_COMMA = YES;
				CLANG_WARN_CONSTANT_CONVERSION = YES;
				CLANG_WARN_DEPRECATED_OBJC_IMPLEMENTATIONS = YES;
				CLANG_WARN_DIRECT_OBJC_ISA_USAGE = YES_ERROR;
				CLANG_WARN_DOCUMENTATION_COMMENTS = YES;
				CLANG_WARN_EMPTY_BODY = YES;
				CLANG_WARN_ENUM_CONVERSION = YES;
				CLANG_WARN_INFINITE_RECURSION = YES;
				CLANG_WARN_INT_CONVERSION = YES;
				CLANG_WARN_NON_LITERAL_NULL_CONVERSION = YES;
				CLANG_WARN_OBJC_IMPLICIT_RETAIN_SELF = YES;
				CLANG_WARN_OBJC_LITERAL_CONVERSION = YES;
				CLANG_WARN_OBJC_ROOT_CLASS = YES_ERROR;
				CLANG_WARN_QUOTED_INCLUDE_IN_FRAMEWORK_HEADER = YES;
				CLANG_WARN_RANGE_LOOP_ANALYSIS = YES;
				CLANG_WARN_STRICT_PROTOTYPES = YES;
				CLANG_WARN_SUSPICIOUS_MOVE = YES;
				CLANG_WARN_UNGUARDED_AVAILABILITY = YES_AGGRESSIVE;
				CLANG_WARN_UNREACHABLE_CODE = YES;
				CLANG_WARN__DUPLICATE_METHOD_MATCH = YES;
				COPY_PHASE_STRIP = NO;
				DEBUG_INFORMATION_FORMAT = "dwarf-with-dsym";
				ENABLE_NS_ASSERTIONS = NO;
				ENABLE_STRICT_OBJC_MSGSEND = YES;
				ENABLE_USER_SCRIPT_SANDBOXING = YES;
				GCC_C_LANGUAGE_STANDARD = gnu17;
				GCC_NO_COMMON_BLOCKS = YES;
				GCC_WARN_64_TO_32_BIT_CONVERSION = YES;
				GCC_WARN_ABOUT_RETURN_TYPE = YES_ERROR;
				GCC_WARN_UNDECLARED_SELECTOR = YES;
				GCC_WARN_UNINITIALIZED_AUTOS = YES_AGGRESSIVE;
				GCC_WARN_UNUSED_FUNCTION = YES;
				GCC_WARN_UNUSED_VARIABLE = YES;
				IPHONEOS_DEPLOYMENT_TARGET = 17.5;
				LOCALIZATION_PREFERS_STRING_CATALOGS = YES;
				MTL_ENABLE_DEBUG_INFO = NO;
				MTL_FAST_MATH = YES;
				SDKROOT = iphoneos;
				SWIFT_COMPILATION_MODE = wholemodule;
				VALIDATE_PRODUCT = YES;
			};
			name = Release;
		};
		FB6A994B2CB4339E00DF6687 /* Debug */ = {
			isa = XCBuildConfiguration;
			buildSettings = {
				ASSETCATALOG_COMPILER_APPICON_NAME = AppIcon;
				ASSETCATALOG_COMPILER_GLOBAL_ACCENT_COLOR_NAME = AccentColor;
				CODE_SIGN_STYLE = Automatic;
				CURRENT_PROJECT_VERSION = 1;
				GENERATE_INFOPLIST_FILE = YES;
				INFOPLIST_FILE = boceto_2_CellView/Info.plist;
				INFOPLIST_KEY_UIApplicationSupportsIndirectInputEvents = YES;
				INFOPLIST_KEY_UILaunchStoryboardName = LaunchScreen;
				INFOPLIST_KEY_UIMainStoryboardFile = Main;
				INFOPLIST_KEY_UISupportedInterfaceOrientations_iPad = "UIInterfaceOrientationPortrait UIInterfaceOrientationPortraitUpsideDown UIInterfaceOrientationLandscapeLeft UIInterfaceOrientationLandscapeRight";
				INFOPLIST_KEY_UISupportedInterfaceOrientations_iPhone = "UIInterfaceOrientationPortrait UIInterfaceOrientationLandscapeLeft UIInterfaceOrientationLandscapeRight";
				LD_RUNPATH_SEARCH_PATHS = (
					"$(inherited)",
					"@executable_path/Frameworks",
				);
				MARKETING_VERSION = 1.0;
				PRODUCT_BUNDLE_IDENTIFIER = "uacj.mx.boceto-2-CellView";
				PRODUCT_NAME = "$(TARGET_NAME)";
				SWIFT_EMIT_LOC_STRINGS = YES;
				SWIFT_VERSION = 5.0;
				TARGETED_DEVICE_FAMILY = "1,2";
			};
			name = Debug;
		};
		FB6A994C2CB4339E00DF6687 /* Release */ = {
			isa = XCBuildConfiguration;
			buildSettings = {
				ASSETCATALOG_COMPILER_APPICON_NAME = AppIcon;
				ASSETCATALOG_COMPILER_GLOBAL_ACCENT_COLOR_NAME = AccentColor;
				CODE_SIGN_STYLE = Automatic;
				CURRENT_PROJECT_VERSION = 1;
				GENERATE_INFOPLIST_FILE = YES;
				INFOPLIST_FILE = boceto_2_CellView/Info.plist;
				INFOPLIST_KEY_UIApplicationSupportsIndirectInputEvents = YES;
				INFOPLIST_KEY_UILaunchStoryboardName = LaunchScreen;
				INFOPLIST_KEY_UIMainStoryboardFile = Main;
				INFOPLIST_KEY_UISupportedInterfaceOrientations_iPad = "UIInterfaceOrientationPortrait UIInterfaceOrientationPortraitUpsideDown UIInterfaceOrientationLandscapeLeft UIInterfaceOrientationLandscapeRight";
				INFOPLIST_KEY_UISupportedInterfaceOrientations_iPhone = "UIInterfaceOrientationPortrait UIInterfaceOrientationLandscapeLeft UIInterfaceOrientationLandscapeRight";
				LD_RUNPATH_SEARCH_PATHS = (
					"$(inherited)",
					"@executable_path/Frameworks",
				);
				MARKETING_VERSION = 1.0;
				PRODUCT_BUNDLE_IDENTIFIER = "uacj.mx.boceto-2-CellView";
				PRODUCT_NAME = "$(TARGET_NAME)";
				SWIFT_EMIT_LOC_STRINGS = YES;
				SWIFT_VERSION = 5.0;
				TARGETED_DEVICE_FAMILY = "1,2";
			};
			name = Release;
		};
		FB6A994E2CB4339E00DF6687 /* Debug */ = {
			isa = XCBuildConfiguration;
			buildSettings = {
				ALWAYS_EMBED_SWIFT_STANDARD_LIBRARIES = YES;
				BUNDLE_LOADER = "$(TEST_HOST)";
				CODE_SIGN_STYLE = Automatic;
				CURRENT_PROJECT_VERSION = 1;
				GENERATE_INFOPLIST_FILE = YES;
				IPHONEOS_DEPLOYMENT_TARGET = 17.5;
				MARKETING_VERSION = 1.0;
				PRODUCT_BUNDLE_IDENTIFIER = "uacj.mx.boceto-2-CellViewTests";
				PRODUCT_NAME = "$(TARGET_NAME)";
				SWIFT_EMIT_LOC_STRINGS = NO;
				SWIFT_VERSION = 5.0;
				TARGETED_DEVICE_FAMILY = "1,2";
				TEST_HOST = "$(BUILT_PRODUCTS_DIR)/boceto_2_CellView.app/$(BUNDLE_EXECUTABLE_FOLDER_PATH)/boceto_2_CellView";
			};
			name = Debug;
		};
		FB6A994F2CB4339E00DF6687 /* Release */ = {
			isa = XCBuildConfiguration;
			buildSettings = {
				ALWAYS_EMBED_SWIFT_STANDARD_LIBRARIES = YES;
				BUNDLE_LOADER = "$(TEST_HOST)";
				CODE_SIGN_STYLE = Automatic;
				CURRENT_PROJECT_VERSION = 1;
				GENERATE_INFOPLIST_FILE = YES;
				IPHONEOS_DEPLOYMENT_TARGET = 17.5;
				MARKETING_VERSION = 1.0;
				PRODUCT_BUNDLE_IDENTIFIER = "uacj.mx.boceto-2-CellViewTests";
				PRODUCT_NAME = "$(TARGET_NAME)";
				SWIFT_EMIT_LOC_STRINGS = NO;
				SWIFT_VERSION = 5.0;
				TARGETED_DEVICE_FAMILY = "1,2";
				TEST_HOST = "$(BUILT_PRODUCTS_DIR)/boceto_2_CellView.app/$(BUNDLE_EXECUTABLE_FOLDER_PATH)/boceto_2_CellView";
			};
			name = Release;
		};
		FB6A99512CB4339E00DF6687 /* Debug */ = {
			isa = XCBuildConfiguration;
			buildSettings = {
				ALWAYS_EMBED_SWIFT_STANDARD_LIBRARIES = YES;
				CODE_SIGN_STYLE = Automatic;
				CURRENT_PROJECT_VERSION = 1;
				GENERATE_INFOPLIST_FILE = YES;
				MARKETING_VERSION = 1.0;
				PRODUCT_BUNDLE_IDENTIFIER = "uacj.mx.boceto-2-CellViewUITests";
				PRODUCT_NAME = "$(TARGET_NAME)";
				SWIFT_EMIT_LOC_STRINGS = NO;
				SWIFT_VERSION = 5.0;
				TARGETED_DEVICE_FAMILY = "1,2";
				TEST_TARGET_NAME = boceto_2_CellView;
			};
			name = Debug;
		};
		FB6A99522CB4339E00DF6687 /* Release */ = {
			isa = XCBuildConfiguration;
			buildSettings = {
				ALWAYS_EMBED_SWIFT_STANDARD_LIBRARIES = YES;
				CODE_SIGN_STYLE = Automatic;
				CURRENT_PROJECT_VERSION = 1;
				GENERATE_INFOPLIST_FILE = YES;
				MARKETING_VERSION = 1.0;
				PRODUCT_BUNDLE_IDENTIFIER = "uacj.mx.boceto-2-CellViewUITests";
				PRODUCT_NAME = "$(TARGET_NAME)";
				SWIFT_EMIT_LOC_STRINGS = NO;
				SWIFT_VERSION = 5.0;
				TARGETED_DEVICE_FAMILY = "1,2";
				TEST_TARGET_NAME = boceto_2_CellView;
			};
			name = Release;
		};
/* End XCBuildConfiguration section */

/* Begin XCConfigurationList section */
		FB6A991B2CB4339E00DF6687 /* Build configuration list for PBXProject "boceto_2_CellView" */ = {
			isa = XCConfigurationList;
			buildConfigurations = (
				FB6A99482CB4339E00DF6687 /* Debug */,
				FB6A99492CB4339E00DF6687 /* Release */,
			);
			defaultConfigurationIsVisible = 0;
			defaultConfigurationName = Release;
		};
		FB6A994A2CB4339E00DF6687 /* Build configuration list for PBXNativeTarget "boceto_2_CellView" */ = {
			isa = XCConfigurationList;
			buildConfigurations = (
				FB6A994B2CB4339E00DF6687 /* Debug */,
				FB6A994C2CB4339E00DF6687 /* Release */,
			);
			defaultConfigurationIsVisible = 0;
			defaultConfigurationName = Release;
		};
		FB6A994D2CB4339E00DF6687 /* Build configuration list for PBXNativeTarget "boceto_2_CellViewTests" */ = {
			isa = XCConfigurationList;
			buildConfigurations = (
				FB6A994E2CB4339E00DF6687 /* Debug */,
				FB6A994F2CB4339E00DF6687 /* Release */,
			);
			defaultConfigurationIsVisible = 0;
			defaultConfigurationName = Release;
		};
		FB6A99502CB4339E00DF6687 /* Build configuration list for PBXNativeTarget "boceto_2_CellViewUITests" */ = {
			isa = XCConfigurationList;
			buildConfigurations = (
				FB6A99512CB4339E00DF6687 /* Debug */,
				FB6A99522CB4339E00DF6687 /* Release */,
			);
			defaultConfigurationIsVisible = 0;
			defaultConfigurationName = Release;
		};
/* End XCConfigurationList section */
	};
	rootObject = FB6A99182CB4339E00DF6687 /* Project object */;
}
